
Microsoft Visual Studio Solution File, Format Version 12.00
# Visual Studio Version 17
VisualStudioVersion = 17.8.34525.116
MinimumVisualStudioVersion = 10.0.40219.1
Project("{FAE04EC0-301F-11D3-BF4B-00C04F79EFBC}") = "TestingGeneratedNumbersProject", "TestingGeneratedNumbersProject\TestingGeneratedNumbersProject.csproj", "{F869E9ED-D40C-4D5C-A927-A332BF9B92AE}"
EndProject
Global
	GlobalSection(SolutionConfigurationPlatforms) = preSolution
		Debug|Any CPU = Debug|Any CPU
		Release|Any CPU = Release|Any CPU
	EndGlobalSection
	GlobalSection(ProjectConfigurationPlatforms) = postSolution
		{F869E9ED-D40C-4D5C-A927-A332BF9B92AE}.Debug|Any CPU.ActiveCfg = Debug|Any CPU
		{F869E9ED-D40C-4D5C-A927-A332BF9B92AE}.Debug|Any CPU.Build.0 = Debug|Any CPU
		{F869E9ED-D40C-4D5C-A927-A332BF9B92AE}.Release|Any CPU.ActiveCfg = Release|Any CPU
		{F869E9ED-D40C-4D5C-A927-A332BF9B92AE}.Release|Any CPU.Build.0 = Release|Any CPU
	EndGlobalSection
	GlobalSection(SolutionProperties) = preSolution
		HideSolutionNode = FALSE
	EndGlobalSection
	GlobalSection(ExtensibilityGlobals) = postSolution
		SolutionGuid = {F1733C2D-01AE-4E76-B1C7-25A2A8A51716}
	EndGlobalSection
EndGlobal
